
Microsoft Visual Studio Solution File, Format Version 12.00
# Visual Studio Version 16
VisualStudioVersion = 16.0.30517.126
MinimumVisualStudioVersion = 10.0.40219.1
Project("{FAE04EC0-301F-11D3-BF4B-00C04F79EFBC}") = "Ejercicio_07", "Ejercicio_07\Ejercicio_07.csproj", "{8CAD0677-F26F-49D1-9978-CA6DFAB3DB36}"
EndProject
Global
	GlobalSection(SolutionConfigurationPlatforms) = preSolution
		Debug|Any CPU = Debug|Any CPU
		Release|Any CPU = Release|Any CPU
	EndGlobalSection
	GlobalSection(ProjectConfigurationPlatforms) = postSolution
		{8CAD0677-F26F-49D1-9978-CA6DFAB3DB36}.Debug|Any CPU.ActiveCfg = Debug|Any CPU
		{8CAD0677-F26F-49D1-9978-CA6DFAB3DB36}.Debug|Any CPU.Build.0 = Debug|Any CPU
		{8CAD0677-F26F-49D1-9978-CA6DFAB3DB36}.Release|Any CPU.ActiveCfg = Release|Any CPU
		{8CAD0677-F26F-49D1-9978-CA6DFAB3DB36}.Release|Any CPU.Build.0 = Release|Any CPU
	EndGlobalSection
	GlobalSection(SolutionProperties) = preSolution
		HideSolutionNode = FALSE
	EndGlobalSection
	GlobalSection(ExtensibilityGlobals) = postSolution
		SolutionGuid = {1CDE2D2C-93A3-46F6-97AC-7C91CB668674}
	EndGlobalSection
EndGlobal
