
Microsoft Visual Studio Solution File, Format Version 12.00
# Visual Studio Version 16
VisualStudioVersion = 16.0.30517.126
MinimumVisualStudioVersion = 10.0.40219.1
Project("{FAE04EC0-301F-11D3-BF4B-00C04F79EFBC}") = "Ejercio_24", "Ejercio_24\Ejercio_24.csproj", "{BD6CAAA6-8626-4899-8D97-3AC7F4D44208}"
EndProject
Project("{FAE04EC0-301F-11D3-BF4B-00C04F79EFBC}") = "Temperaturas", "..\Ejercicio_21\Temperaturas\Temperaturas.csproj", "{CCC2FD63-0D4B-4BD9-9717-485E8B50A78F}"
EndProject
Global
	GlobalSection(SolutionConfigurationPlatforms) = preSolution
		Debug|Any CPU = Debug|Any CPU
		Release|Any CPU = Release|Any CPU
	EndGlobalSection
	GlobalSection(ProjectConfigurationPlatforms) = postSolution
		{BD6CAAA6-8626-4899-8D97-3AC7F4D44208}.Debug|Any CPU.ActiveCfg = Debug|Any CPU
		{BD6CAAA6-8626-4899-8D97-3AC7F4D44208}.Debug|Any CPU.Build.0 = Debug|Any CPU
		{BD6CAAA6-8626-4899-8D97-3AC7F4D44208}.Release|Any CPU.ActiveCfg = Release|Any CPU
		{BD6CAAA6-8626-4899-8D97-3AC7F4D44208}.Release|Any CPU.Build.0 = Release|Any CPU
		{CCC2FD63-0D4B-4BD9-9717-485E8B50A78F}.Debug|Any CPU.ActiveCfg = Debug|Any CPU
		{CCC2FD63-0D4B-4BD9-9717-485E8B50A78F}.Debug|Any CPU.Build.0 = Debug|Any CPU
		{CCC2FD63-0D4B-4BD9-9717-485E8B50A78F}.Release|Any CPU.ActiveCfg = Release|Any CPU
		{CCC2FD63-0D4B-4BD9-9717-485E8B50A78F}.Release|Any CPU.Build.0 = Release|Any CPU
	EndGlobalSection
	GlobalSection(SolutionProperties) = preSolution
		HideSolutionNode = FALSE
	EndGlobalSection
	GlobalSection(ExtensibilityGlobals) = postSolution
		SolutionGuid = {5451B290-3AAF-4F73-97E7-4C373A3A351E}
	EndGlobalSection
EndGlobal
