
Microsoft Visual Studio Solution File, Format Version 12.00
# Visual Studio Version 16
VisualStudioVersion = 16.0.30517.126
MinimumVisualStudioVersion = 10.0.40219.1
Project("{FAE04EC0-301F-11D3-BF4B-00C04F79EFBC}") = "Ejercicio_22", "Ejercicio_22\Ejercicio_22.csproj", "{81135811-CF32-443F-9030-313AC6D996AB}"
EndProject
Project("{FAE04EC0-301F-11D3-BF4B-00C04F79EFBC}") = "Biblioteca", "..\Ejercicio_13\Biblioteca\Biblioteca.csproj", "{FAC47CFE-4168-4B69-9891-498BE246F316}"
EndProject
Global
	GlobalSection(SolutionConfigurationPlatforms) = preSolution
		Debug|Any CPU = Debug|Any CPU
		Release|Any CPU = Release|Any CPU
	EndGlobalSection
	GlobalSection(ProjectConfigurationPlatforms) = postSolution
		{81135811-CF32-443F-9030-313AC6D996AB}.Debug|Any CPU.ActiveCfg = Debug|Any CPU
		{81135811-CF32-443F-9030-313AC6D996AB}.Debug|Any CPU.Build.0 = Debug|Any CPU
		{81135811-CF32-443F-9030-313AC6D996AB}.Release|Any CPU.ActiveCfg = Release|Any CPU
		{81135811-CF32-443F-9030-313AC6D996AB}.Release|Any CPU.Build.0 = Release|Any CPU
		{FAC47CFE-4168-4B69-9891-498BE246F316}.Debug|Any CPU.ActiveCfg = Debug|Any CPU
		{FAC47CFE-4168-4B69-9891-498BE246F316}.Debug|Any CPU.Build.0 = Debug|Any CPU
		{FAC47CFE-4168-4B69-9891-498BE246F316}.Release|Any CPU.ActiveCfg = Release|Any CPU
		{FAC47CFE-4168-4B69-9891-498BE246F316}.Release|Any CPU.Build.0 = Release|Any CPU
	EndGlobalSection
	GlobalSection(SolutionProperties) = preSolution
		HideSolutionNode = FALSE
	EndGlobalSection
	GlobalSection(ExtensibilityGlobals) = postSolution
		SolutionGuid = {956CE19A-A969-4B8A-8E0D-B56048BCE1F5}
	EndGlobalSection
EndGlobal
