
Microsoft Visual Studio Solution File, Format Version 12.00
# Visual Studio Version 16
VisualStudioVersion = 16.0.30517.126
MinimumVisualStudioVersion = 10.0.40219.1
Project("{FAE04EC0-301F-11D3-BF4B-00C04F79EFBC}") = "Ejercicio_21", "Ejercicio_21\Ejercicio_21.csproj", "{C02A06CC-4701-4BDD-9198-E069437EC480}"
EndProject
Project("{FAE04EC0-301F-11D3-BF4B-00C04F79EFBC}") = "Temperaturas", "Temperaturas\Temperaturas.csproj", "{CCC2FD63-0D4B-4BD9-9717-485E8B50A78F}"
EndProject
Global
	GlobalSection(SolutionConfigurationPlatforms) = preSolution
		Debug|Any CPU = Debug|Any CPU
		Release|Any CPU = Release|Any CPU
	EndGlobalSection
	GlobalSection(ProjectConfigurationPlatforms) = postSolution
		{C02A06CC-4701-4BDD-9198-E069437EC480}.Debug|Any CPU.ActiveCfg = Debug|Any CPU
		{C02A06CC-4701-4BDD-9198-E069437EC480}.Debug|Any CPU.Build.0 = Debug|Any CPU
		{C02A06CC-4701-4BDD-9198-E069437EC480}.Release|Any CPU.ActiveCfg = Release|Any CPU
		{C02A06CC-4701-4BDD-9198-E069437EC480}.Release|Any CPU.Build.0 = Release|Any CPU
		{CCC2FD63-0D4B-4BD9-9717-485E8B50A78F}.Debug|Any CPU.ActiveCfg = Debug|Any CPU
		{CCC2FD63-0D4B-4BD9-9717-485E8B50A78F}.Debug|Any CPU.Build.0 = Debug|Any CPU
		{CCC2FD63-0D4B-4BD9-9717-485E8B50A78F}.Release|Any CPU.ActiveCfg = Release|Any CPU
		{CCC2FD63-0D4B-4BD9-9717-485E8B50A78F}.Release|Any CPU.Build.0 = Release|Any CPU
	EndGlobalSection
	GlobalSection(SolutionProperties) = preSolution
		HideSolutionNode = FALSE
	EndGlobalSection
	GlobalSection(ExtensibilityGlobals) = postSolution
		SolutionGuid = {587E928A-9966-49A1-ABA6-A28B04B1C613}
	EndGlobalSection
EndGlobal
