
Microsoft Visual Studio Solution File, Format Version 12.00
# Visual Studio Version 16
VisualStudioVersion = 16.0.30517.126
MinimumVisualStudioVersion = 10.0.40219.1
Project("{FAE04EC0-301F-11D3-BF4B-00C04F79EFBC}") = "Ejercicio_20", "Ejercicio_20\Ejercicio_20.csproj", "{F64510B9-08E7-48AF-A27A-A667471B113F}"
EndProject
Project("{FAE04EC0-301F-11D3-BF4B-00C04F79EFBC}") = "Billetes", "Billetes\Billetes.csproj", "{30B79AD1-70DC-4EDC-BD80-05F4243C7126}"
EndProject
Global
	GlobalSection(SolutionConfigurationPlatforms) = preSolution
		Debug|Any CPU = Debug|Any CPU
		Release|Any CPU = Release|Any CPU
	EndGlobalSection
	GlobalSection(ProjectConfigurationPlatforms) = postSolution
		{F64510B9-08E7-48AF-A27A-A667471B113F}.Debug|Any CPU.ActiveCfg = Debug|Any CPU
		{F64510B9-08E7-48AF-A27A-A667471B113F}.Debug|Any CPU.Build.0 = Debug|Any CPU
		{F64510B9-08E7-48AF-A27A-A667471B113F}.Release|Any CPU.ActiveCfg = Release|Any CPU
		{F64510B9-08E7-48AF-A27A-A667471B113F}.Release|Any CPU.Build.0 = Release|Any CPU
		{30B79AD1-70DC-4EDC-BD80-05F4243C7126}.Debug|Any CPU.ActiveCfg = Debug|Any CPU
		{30B79AD1-70DC-4EDC-BD80-05F4243C7126}.Debug|Any CPU.Build.0 = Debug|Any CPU
		{30B79AD1-70DC-4EDC-BD80-05F4243C7126}.Release|Any CPU.ActiveCfg = Release|Any CPU
		{30B79AD1-70DC-4EDC-BD80-05F4243C7126}.Release|Any CPU.Build.0 = Release|Any CPU
	EndGlobalSection
	GlobalSection(SolutionProperties) = preSolution
		HideSolutionNode = FALSE
	EndGlobalSection
	GlobalSection(ExtensibilityGlobals) = postSolution
		SolutionGuid = {AAC25831-F6C7-490D-A2A4-CEF5266B37C4}
	EndGlobalSection
EndGlobal
