
Microsoft Visual Studio Solution File, Format Version 12.00
# Visual Studio Version 16
VisualStudioVersion = 16.0.30517.126
MinimumVisualStudioVersion = 10.0.40219.1
Project("{FAE04EC0-301F-11D3-BF4B-00C04F79EFBC}") = "Ejercicio_13", "Ejercicio_13\Ejercicio_13.csproj", "{DC9BF5B1-83D2-44AA-A1C9-8086B97897B1}"
EndProject
Project("{FAE04EC0-301F-11D3-BF4B-00C04F79EFBC}") = "Biblioteca", "Biblioteca\Biblioteca.csproj", "{FAC47CFE-4168-4B69-9891-498BE246F316}"
EndProject
Global
	GlobalSection(SolutionConfigurationPlatforms) = preSolution
		Debug|Any CPU = Debug|Any CPU
		Release|Any CPU = Release|Any CPU
	EndGlobalSection
	GlobalSection(ProjectConfigurationPlatforms) = postSolution
		{DC9BF5B1-83D2-44AA-A1C9-8086B97897B1}.Debug|Any CPU.ActiveCfg = Debug|Any CPU
		{DC9BF5B1-83D2-44AA-A1C9-8086B97897B1}.Debug|Any CPU.Build.0 = Debug|Any CPU
		{DC9BF5B1-83D2-44AA-A1C9-8086B97897B1}.Release|Any CPU.ActiveCfg = Release|Any CPU
		{DC9BF5B1-83D2-44AA-A1C9-8086B97897B1}.Release|Any CPU.Build.0 = Release|Any CPU
		{FAC47CFE-4168-4B69-9891-498BE246F316}.Debug|Any CPU.ActiveCfg = Debug|Any CPU
		{FAC47CFE-4168-4B69-9891-498BE246F316}.Debug|Any CPU.Build.0 = Debug|Any CPU
		{FAC47CFE-4168-4B69-9891-498BE246F316}.Release|Any CPU.ActiveCfg = Release|Any CPU
		{FAC47CFE-4168-4B69-9891-498BE246F316}.Release|Any CPU.Build.0 = Release|Any CPU
	EndGlobalSection
	GlobalSection(SolutionProperties) = preSolution
		HideSolutionNode = FALSE
	EndGlobalSection
	GlobalSection(ExtensibilityGlobals) = postSolution
		SolutionGuid = {326B88AA-F616-4193-80D6-C0EFA1E8F1A0}
	EndGlobalSection
EndGlobal
