
Microsoft Visual Studio Solution File, Format Version 12.00
# Visual Studio Version 16
VisualStudioVersion = 16.0.30517.126
MinimumVisualStudioVersion = 10.0.40219.1
Project("{FAE04EC0-301F-11D3-BF4B-00C04F79EFBC}") = "Ejercicio_31", "Ejercicio_31\Ejercicio_31.csproj", "{BBCD2FA9-80F3-4DFB-932A-A85B76261C0C}"
EndProject
Project("{FAE04EC0-301F-11D3-BF4B-00C04F79EFBC}") = "Biblioteca", "Biblioteca\Biblioteca.csproj", "{2A5DD61F-04F5-4D97-95B3-AF1D6796E6AA}"
EndProject
Global
	GlobalSection(SolutionConfigurationPlatforms) = preSolution
		Debug|Any CPU = Debug|Any CPU
		Release|Any CPU = Release|Any CPU
	EndGlobalSection
	GlobalSection(ProjectConfigurationPlatforms) = postSolution
		{BBCD2FA9-80F3-4DFB-932A-A85B76261C0C}.Debug|Any CPU.ActiveCfg = Debug|Any CPU
		{BBCD2FA9-80F3-4DFB-932A-A85B76261C0C}.Debug|Any CPU.Build.0 = Debug|Any CPU
		{BBCD2FA9-80F3-4DFB-932A-A85B76261C0C}.Release|Any CPU.ActiveCfg = Release|Any CPU
		{BBCD2FA9-80F3-4DFB-932A-A85B76261C0C}.Release|Any CPU.Build.0 = Release|Any CPU
		{2A5DD61F-04F5-4D97-95B3-AF1D6796E6AA}.Debug|Any CPU.ActiveCfg = Debug|Any CPU
		{2A5DD61F-04F5-4D97-95B3-AF1D6796E6AA}.Debug|Any CPU.Build.0 = Debug|Any CPU
		{2A5DD61F-04F5-4D97-95B3-AF1D6796E6AA}.Release|Any CPU.ActiveCfg = Release|Any CPU
		{2A5DD61F-04F5-4D97-95B3-AF1D6796E6AA}.Release|Any CPU.Build.0 = Release|Any CPU
	EndGlobalSection
	GlobalSection(SolutionProperties) = preSolution
		HideSolutionNode = FALSE
	EndGlobalSection
	GlobalSection(ExtensibilityGlobals) = postSolution
		SolutionGuid = {976D505F-C258-4A9E-B29D-AD298032EF6E}
	EndGlobalSection
EndGlobal
