
Microsoft Visual Studio Solution File, Format Version 12.00
# Visual Studio Version 16
VisualStudioVersion = 16.0.30517.126
MinimumVisualStudioVersion = 10.0.40219.1
Project("{FAE04EC0-301F-11D3-BF4B-00C04F79EFBC}") = "Ejercicio_08", "Ejercicio_08\Ejercicio_08.csproj", "{2E342934-94A7-4C7C-A30C-C5CDAB8728C1}"
EndProject
Global
	GlobalSection(SolutionConfigurationPlatforms) = preSolution
		Debug|Any CPU = Debug|Any CPU
		Release|Any CPU = Release|Any CPU
	EndGlobalSection
	GlobalSection(ProjectConfigurationPlatforms) = postSolution
		{2E342934-94A7-4C7C-A30C-C5CDAB8728C1}.Debug|Any CPU.ActiveCfg = Debug|Any CPU
		{2E342934-94A7-4C7C-A30C-C5CDAB8728C1}.Debug|Any CPU.Build.0 = Debug|Any CPU
		{2E342934-94A7-4C7C-A30C-C5CDAB8728C1}.Release|Any CPU.ActiveCfg = Release|Any CPU
		{2E342934-94A7-4C7C-A30C-C5CDAB8728C1}.Release|Any CPU.Build.0 = Release|Any CPU
	EndGlobalSection
	GlobalSection(SolutionProperties) = preSolution
		HideSolutionNode = FALSE
	EndGlobalSection
	GlobalSection(ExtensibilityGlobals) = postSolution
		SolutionGuid = {AE26EBBD-046D-425D-9E57-1BBCA344830C}
	EndGlobalSection
EndGlobal
