
Microsoft Visual Studio Solution File, Format Version 12.00
# Visual Studio Version 16
VisualStudioVersion = 16.0.30517.126
MinimumVisualStudioVersion = 10.0.40219.1
Project("{FAE04EC0-301F-11D3-BF4B-00C04F79EFBC}") = "Ejercicio_35", "Ejercicio_35\Ejercicio_35.csproj", "{71E9A6EA-C75E-4D65-9506-78137262F979}"
EndProject
Project("{FAE04EC0-301F-11D3-BF4B-00C04F79EFBC}") = "Biblioteca", "..\Ejercicio_29\Biblioteca\Biblioteca.csproj", "{8E15017D-C3A7-4824-8BC0-3E1CD0DB5210}"
EndProject
Global
	GlobalSection(SolutionConfigurationPlatforms) = preSolution
		Debug|Any CPU = Debug|Any CPU
		Release|Any CPU = Release|Any CPU
	EndGlobalSection
	GlobalSection(ProjectConfigurationPlatforms) = postSolution
		{71E9A6EA-C75E-4D65-9506-78137262F979}.Debug|Any CPU.ActiveCfg = Debug|Any CPU
		{71E9A6EA-C75E-4D65-9506-78137262F979}.Debug|Any CPU.Build.0 = Debug|Any CPU
		{71E9A6EA-C75E-4D65-9506-78137262F979}.Release|Any CPU.ActiveCfg = Release|Any CPU
		{71E9A6EA-C75E-4D65-9506-78137262F979}.Release|Any CPU.Build.0 = Release|Any CPU
		{8E15017D-C3A7-4824-8BC0-3E1CD0DB5210}.Debug|Any CPU.ActiveCfg = Debug|Any CPU
		{8E15017D-C3A7-4824-8BC0-3E1CD0DB5210}.Debug|Any CPU.Build.0 = Debug|Any CPU
		{8E15017D-C3A7-4824-8BC0-3E1CD0DB5210}.Release|Any CPU.ActiveCfg = Release|Any CPU
		{8E15017D-C3A7-4824-8BC0-3E1CD0DB5210}.Release|Any CPU.Build.0 = Release|Any CPU
	EndGlobalSection
	GlobalSection(SolutionProperties) = preSolution
		HideSolutionNode = FALSE
	EndGlobalSection
	GlobalSection(ExtensibilityGlobals) = postSolution
		SolutionGuid = {293569D2-A070-45B1-BC69-3922C31D2118}
	EndGlobalSection
EndGlobal
