
Microsoft Visual Studio Solution File, Format Version 12.00
# Visual Studio Version 16
VisualStudioVersion = 16.0.30517.126
MinimumVisualStudioVersion = 10.0.40219.1
Project("{FAE04EC0-301F-11D3-BF4B-00C04F79EFBC}") = "Ejercicio_23", "Ejercicio_23\Ejercicio_23.csproj", "{4FE29A3C-08C7-446D-B5EB-95DEEC56FD35}"
EndProject
Project("{FAE04EC0-301F-11D3-BF4B-00C04F79EFBC}") = "Billetes", "..\Ejercicio_20\Billetes\Billetes.csproj", "{30B79AD1-70DC-4EDC-BD80-05F4243C7126}"
EndProject
Global
	GlobalSection(SolutionConfigurationPlatforms) = preSolution
		Debug|Any CPU = Debug|Any CPU
		Release|Any CPU = Release|Any CPU
	EndGlobalSection
	GlobalSection(ProjectConfigurationPlatforms) = postSolution
		{4FE29A3C-08C7-446D-B5EB-95DEEC56FD35}.Debug|Any CPU.ActiveCfg = Debug|Any CPU
		{4FE29A3C-08C7-446D-B5EB-95DEEC56FD35}.Debug|Any CPU.Build.0 = Debug|Any CPU
		{4FE29A3C-08C7-446D-B5EB-95DEEC56FD35}.Release|Any CPU.ActiveCfg = Release|Any CPU
		{4FE29A3C-08C7-446D-B5EB-95DEEC56FD35}.Release|Any CPU.Build.0 = Release|Any CPU
		{30B79AD1-70DC-4EDC-BD80-05F4243C7126}.Debug|Any CPU.ActiveCfg = Debug|Any CPU
		{30B79AD1-70DC-4EDC-BD80-05F4243C7126}.Debug|Any CPU.Build.0 = Debug|Any CPU
		{30B79AD1-70DC-4EDC-BD80-05F4243C7126}.Release|Any CPU.ActiveCfg = Release|Any CPU
		{30B79AD1-70DC-4EDC-BD80-05F4243C7126}.Release|Any CPU.Build.0 = Release|Any CPU
	EndGlobalSection
	GlobalSection(SolutionProperties) = preSolution
		HideSolutionNode = FALSE
	EndGlobalSection
	GlobalSection(ExtensibilityGlobals) = postSolution
		SolutionGuid = {A5AC4920-5DAF-47EA-9AA0-8B36D5575563}
	EndGlobalSection
EndGlobal
